
Microsoft Visual Studio Solution File, Format Version 12.00
# Visual Studio Version 17
VisualStudioVersion = 17.13.35919.96 d17.13
MinimumVisualStudioVersion = 10.0.40219.1
Project("{FAE04EC0-301F-11D3-BF4B-00C04F79EFBC}") = "snes-automatizer", "snes-automatizer\snes-automatizer.csproj", "{108544D3-9AA9-4526-BD0F-248CDEF0867D}"
EndProject
Global
	GlobalSection(SolutionConfigurationPlatforms) = preSolution
		Debug|Any CPU = Debug|Any CPU
		Release|Any CPU = Release|Any CPU
	EndGlobalSection
	GlobalSection(ProjectConfigurationPlatforms) = postSolution
		{108544D3-9AA9-4526-BD0F-248CDEF0867D}.Debug|Any CPU.ActiveCfg = Debug|Any CPU
		{108544D3-9AA9-4526-BD0F-248CDEF0867D}.Debug|Any CPU.Build.0 = Debug|Any CPU
		{108544D3-9AA9-4526-BD0F-248CDEF0867D}.Release|Any CPU.ActiveCfg = Release|Any CPU
		{108544D3-9AA9-4526-BD0F-248CDEF0867D}.Release|Any CPU.Build.0 = Release|Any CPU
	EndGlobalSection
	GlobalSection(SolutionProperties) = preSolution
		HideSolutionNode = FALSE
	EndGlobalSection
	GlobalSection(ExtensibilityGlobals) = postSolution
		SolutionGuid = {02EA4176-9213-46B2-AF56-DFAAA1DB1C6C}
	EndGlobalSection
EndGlobal
